{
  "name": "versionend",
  "version": "1.0.0",
  "lockfileVersion": 3,
  "requires": true,
  "packages": {
    "": {
      "name": "versionend",
      "version": "1.0.0",
      "license": "MIT",
      "dependencies": {
        "versionend": "^1.0.0"
      }
    },
    "node_modules/versionend": {
      "version": "1.0.0",
      "resolved": "https://registry.npmjs.org/versionend/-/versionend-1.0.0.tgz",
      "integrity": "sha512-m4Rq+9LxWLozT8j+584GqNFzgt5grNd1aKgXyD2gZj8v+XplDrZIfQR74po+PSHdB7EdD3drFT07ryxNW/xUVw=="
    }
  }
}
